github.com/go-zoox/kv v1.5.0 h1:GmSqN2t4AMfa0Yv4CsI2CSgKZoZcz8KwCGbHLN+fJ8M=
github.com/go-zoox/kv v1.5.0/go.mod h1:u/IbVscKbZk4AyDvvnsK9DiaWshH/Nz3twlGDRyC9pA=
github.com/mattn/go-sqlite3 v1.14.16 h1:yOQRA0RpS5PFz/oikGwBEqvAWhWg5ufRz4ETLjwpU1Y=
github.com/mattn/go-sqlite3 v1.14.16/go.mod h1:2eHXhiwb8IkHr+BDWZGa96P6+rkvnG63S2DGjv9HUNg=
